
Microsoft Visual Studio Solution File, Format Version 12.00
# Visual Studio 14
VisualStudioVersion = 14.0.23107.0
MinimumVisualStudioVersion = 10.0.40219.1
Project("{FAE04EC0-301F-11D3-BF4B-00C04F79EFBC}") = "Brisk4GameSDK", "Brisk4GameSDK\Brisk4GameSDK.csproj", "{B8858C09-A3CB-4C73-8EE6-D4DAB4CCBB80}"
EndProject
Project("{FAE04EC0-301F-11D3-BF4B-00C04F79EFBC}") = "ConsoleAppTester", "ConsoleAppTester\ConsoleAppTester.csproj", "{651BD0DF-E4EC-49EB-BB18-D3848E347FEE}"
EndProject
Project("{2150E333-8FDC-42A3-9474-1A3956D46DE8}") = "doc", "doc", "{EDED59DA-8CF8-4AFD-B731-82A6F5BBFF44}"
EndProject
Project("{FAE04EC0-301F-11D3-BF4B-00C04F79EFBC}") = "docs", "docs\docs.csproj", "{01A37083-EB49-44CF-9144-644C4B9E568B}"
EndProject
Global
	GlobalSection(SolutionConfigurationPlatforms) = preSolution
		Debug|Any CPU = Debug|Any CPU
		Release|Any CPU = Release|Any CPU
	EndGlobalSection
	GlobalSection(ProjectConfigurationPlatforms) = postSolution
		{B8858C09-A3CB-4C73-8EE6-D4DAB4CCBB80}.Debug|Any CPU.ActiveCfg = Debug|Any CPU
		{B8858C09-A3CB-4C73-8EE6-D4DAB4CCBB80}.Debug|Any CPU.Build.0 = Debug|Any CPU
		{B8858C09-A3CB-4C73-8EE6-D4DAB4CCBB80}.Release|Any CPU.ActiveCfg = Release|Any CPU
		{B8858C09-A3CB-4C73-8EE6-D4DAB4CCBB80}.Release|Any CPU.Build.0 = Release|Any CPU
		{651BD0DF-E4EC-49EB-BB18-D3848E347FEE}.Debug|Any CPU.ActiveCfg = Debug|Any CPU
		{651BD0DF-E4EC-49EB-BB18-D3848E347FEE}.Debug|Any CPU.Build.0 = Debug|Any CPU
		{651BD0DF-E4EC-49EB-BB18-D3848E347FEE}.Release|Any CPU.ActiveCfg = Release|Any CPU
		{651BD0DF-E4EC-49EB-BB18-D3848E347FEE}.Release|Any CPU.Build.0 = Release|Any CPU
		{01A37083-EB49-44CF-9144-644C4B9E568B}.Debug|Any CPU.ActiveCfg = Debug|Any CPU
		{01A37083-EB49-44CF-9144-644C4B9E568B}.Debug|Any CPU.Build.0 = Debug|Any CPU
		{01A37083-EB49-44CF-9144-644C4B9E568B}.Release|Any CPU.ActiveCfg = Release|Any CPU
		{01A37083-EB49-44CF-9144-644C4B9E568B}.Release|Any CPU.Build.0 = Release|Any CPU
	EndGlobalSection
	GlobalSection(SolutionProperties) = preSolution
		HideSolutionNode = FALSE
	EndGlobalSection
	GlobalSection(NestedProjects) = preSolution
		{01A37083-EB49-44CF-9144-644C4B9E568B} = {EDED59DA-8CF8-4AFD-B731-82A6F5BBFF44}
	EndGlobalSection
EndGlobal
